
Microsoft Visual Studio Solution File, Format Version 12.00
# Visual Studio Version 17
VisualStudioVersion = 17.2.32602.215
MinimumVisualStudioVersion = 10.0.40219.1
Project("{FAE04EC0-301F-11D3-BF4B-00C04F79EFBC}") = "Day0Hello,World", "Day0Hello,World\Day0Hello,World.csproj", "{7BF931C5-87DA-4B64-B03B-CA8E79592EB2}"
EndProject
Project("{FAE04EC0-301F-11D3-BF4B-00C04F79EFBC}") = "Day1DataTypes", "Day1DataTypes\Day1DataTypes.csproj", "{5E475A5C-F26A-46FE-A1A2-8CCD6102CC3F}"
EndProject
Project("{FAE04EC0-301F-11D3-BF4B-00C04F79EFBC}") = "Day2Operators", "Day2Operators\Day2Operators.csproj", "{7CBB081C-41D0-4F5D-94D1-269E69DC23EA}"
EndProject
Project("{FAE04EC0-301F-11D3-BF4B-00C04F79EFBC}") = "Day3IntrotoConditionalStatements", "Day3IntrotoConditionalStatements\Day3IntrotoConditionalStatements.csproj", "{D82F2134-E34A-49E3-83C1-A96E4BC784BB}"
EndProject
Project("{FAE04EC0-301F-11D3-BF4B-00C04F79EFBC}") = "Day4ClassvsInstance", "Day4ClassvsInstance\Day4ClassvsInstance.csproj", "{6DE5FC88-2364-47F5-BA49-2D98AD29D8CE}"
EndProject
Global
	GlobalSection(SolutionConfigurationPlatforms) = preSolution
		Debug|Any CPU = Debug|Any CPU
		Release|Any CPU = Release|Any CPU
	EndGlobalSection
	GlobalSection(ProjectConfigurationPlatforms) = postSolution
		{7BF931C5-87DA-4B64-B03B-CA8E79592EB2}.Debug|Any CPU.ActiveCfg = Debug|Any CPU
		{7BF931C5-87DA-4B64-B03B-CA8E79592EB2}.Debug|Any CPU.Build.0 = Debug|Any CPU
		{7BF931C5-87DA-4B64-B03B-CA8E79592EB2}.Release|Any CPU.ActiveCfg = Release|Any CPU
		{7BF931C5-87DA-4B64-B03B-CA8E79592EB2}.Release|Any CPU.Build.0 = Release|Any CPU
		{5E475A5C-F26A-46FE-A1A2-8CCD6102CC3F}.Debug|Any CPU.ActiveCfg = Debug|Any CPU
		{5E475A5C-F26A-46FE-A1A2-8CCD6102CC3F}.Debug|Any CPU.Build.0 = Debug|Any CPU
		{5E475A5C-F26A-46FE-A1A2-8CCD6102CC3F}.Release|Any CPU.ActiveCfg = Release|Any CPU
		{5E475A5C-F26A-46FE-A1A2-8CCD6102CC3F}.Release|Any CPU.Build.0 = Release|Any CPU
		{7CBB081C-41D0-4F5D-94D1-269E69DC23EA}.Debug|Any CPU.ActiveCfg = Debug|Any CPU
		{7CBB081C-41D0-4F5D-94D1-269E69DC23EA}.Debug|Any CPU.Build.0 = Debug|Any CPU
		{7CBB081C-41D0-4F5D-94D1-269E69DC23EA}.Release|Any CPU.ActiveCfg = Release|Any CPU
		{7CBB081C-41D0-4F5D-94D1-269E69DC23EA}.Release|Any CPU.Build.0 = Release|Any CPU
		{D82F2134-E34A-49E3-83C1-A96E4BC784BB}.Debug|Any CPU.ActiveCfg = Debug|Any CPU
		{D82F2134-E34A-49E3-83C1-A96E4BC784BB}.Debug|Any CPU.Build.0 = Debug|Any CPU
		{D82F2134-E34A-49E3-83C1-A96E4BC784BB}.Release|Any CPU.ActiveCfg = Release|Any CPU
		{D82F2134-E34A-49E3-83C1-A96E4BC784BB}.Release|Any CPU.Build.0 = Release|Any CPU
		{6DE5FC88-2364-47F5-BA49-2D98AD29D8CE}.Debug|Any CPU.ActiveCfg = Debug|Any CPU
		{6DE5FC88-2364-47F5-BA49-2D98AD29D8CE}.Debug|Any CPU.Build.0 = Debug|Any CPU
		{6DE5FC88-2364-47F5-BA49-2D98AD29D8CE}.Release|Any CPU.ActiveCfg = Release|Any CPU
		{6DE5FC88-2364-47F5-BA49-2D98AD29D8CE}.Release|Any CPU.Build.0 = Release|Any CPU
	EndGlobalSection
	GlobalSection(SolutionProperties) = preSolution
		HideSolutionNode = FALSE
	EndGlobalSection
	GlobalSection(ExtensibilityGlobals) = postSolution
		SolutionGuid = {701444CB-5624-420D-A3F9-E1191CC8D49B}
	EndGlobalSection
EndGlobal
