
Microsoft Visual Studio Solution File, Format Version 12.00
# Visual Studio Version 17
VisualStudioVersion = 17.2.32602.215
MinimumVisualStudioVersion = 10.0.40219.1
Project("{FAE04EC0-301F-11D3-BF4B-00C04F79EFBC}") = "Day0Hello,World", "Day0Hello,World\Day0Hello,World.csproj", "{7BF931C5-87DA-4B64-B03B-CA8E79592EB2}"
EndProject
Project("{FAE04EC0-301F-11D3-BF4B-00C04F79EFBC}") = "Day1DataTypes", "Day1DataTypes\Day1DataTypes.csproj", "{5E475A5C-F26A-46FE-A1A2-8CCD6102CC3F}"
EndProject
Project("{FAE04EC0-301F-11D3-BF4B-00C04F79EFBC}") = "Day2Operators", "Day2Operators\Day2Operators.csproj", "{7CBB081C-41D0-4F5D-94D1-269E69DC23EA}"
EndProject
Project("{FAE04EC0-301F-11D3-BF4B-00C04F79EFBC}") = "Day3IntrotoConditionalStatements", "Day3IntrotoConditionalStatements\Day3IntrotoConditionalStatements.csproj", "{D82F2134-E34A-49E3-83C1-A96E4BC784BB}"
EndProject
Project("{FAE04EC0-301F-11D3-BF4B-00C04F79EFBC}") = "Day4ClassvsInstance", "Day4ClassvsInstance\Day4ClassvsInstance.csproj", "{6DE5FC88-2364-47F5-BA49-2D98AD29D8CE}"
EndProject
Project("{FAE04EC0-301F-11D3-BF4B-00C04F79EFBC}") = "Day5Loops", "Day5Loops\Day5Loops.csproj", "{4F2EAE33-B0E9-4E51-BF17-696CD1AA7A28}"
EndProject
Project("{FAE04EC0-301F-11D3-BF4B-00C04F79EFBC}") = "Day6LetsReview", "Day6LetsReview\Day6LetsReview.csproj", "{D471C853-3865-48B6-BC14-2FA90B337E19}"
EndProject
Project("{FAE04EC0-301F-11D3-BF4B-00C04F79EFBC}") = "Day7Arrays", "Day7Arrays\Day7Arrays.csproj", "{8A3120D8-B613-4E9B-82A3-2DCEDB36A826}"
EndProject
Project("{FAE04EC0-301F-11D3-BF4B-00C04F79EFBC}") = "Day8DictionariesandMaps", "Day8DictionariesandMaps\Day8DictionariesandMaps.csproj", "{C6167EFA-C05F-44A2-A74E-90325C02CF13}"
EndProject
Project("{FAE04EC0-301F-11D3-BF4B-00C04F79EFBC}") = "Day9Recursion3", "Day9Recursion3\Day9Recursion3.csproj", "{25F735BC-71CE-4180-B2EE-FB03C535A674}"
EndProject
Project("{FAE04EC0-301F-11D3-BF4B-00C04F79EFBC}") = "Day10BinaryNumbers", "Day10BinaryNumbers\Day10BinaryNumbers.csproj", "{E774BD10-5684-413C-95D0-CC8050509BAC}"
EndProject
Project("{FAE04EC0-301F-11D3-BF4B-00C04F79EFBC}") = "Day112DArrays", "Day112DArrays\Day112DArrays.csproj", "{3077788F-5969-45BE-84E6-673A27FF835D}"
EndProject
Project("{FAE04EC0-301F-11D3-BF4B-00C04F79EFBC}") = "Day12Inheritance", "Day12Inheritance\Day12Inheritance.csproj", "{FCC12C17-7DD5-47BA-AD3D-6F54F2360437}"
EndProject
Project("{FAE04EC0-301F-11D3-BF4B-00C04F79EFBC}") = "Day13AbstractClasses", "Day13AbstractClasses\Day13AbstractClasses.csproj", "{B41EE629-F32D-4598-AD0E-CAA10FF6D863}"
EndProject
Project("{FAE04EC0-301F-11D3-BF4B-00C04F79EFBC}") = "Day14Scope", "Day14Scope\Day14Scope.csproj", "{58287584-E17B-464C-BEEA-436E5A7C6785}"
EndProject
Project("{FAE04EC0-301F-11D3-BF4B-00C04F79EFBC}") = "Day15LinkedList", "Day15LinkedList\Day15LinkedList.csproj", "{115FD7CE-EF01-4AF0-9AFB-1C0097ECE68E}"
EndProject
Global
	GlobalSection(SolutionConfigurationPlatforms) = preSolution
		Debug|Any CPU = Debug|Any CPU
		Release|Any CPU = Release|Any CPU
	EndGlobalSection
	GlobalSection(ProjectConfigurationPlatforms) = postSolution
		{7BF931C5-87DA-4B64-B03B-CA8E79592EB2}.Debug|Any CPU.ActiveCfg = Debug|Any CPU
		{7BF931C5-87DA-4B64-B03B-CA8E79592EB2}.Debug|Any CPU.Build.0 = Debug|Any CPU
		{7BF931C5-87DA-4B64-B03B-CA8E79592EB2}.Release|Any CPU.ActiveCfg = Release|Any CPU
		{7BF931C5-87DA-4B64-B03B-CA8E79592EB2}.Release|Any CPU.Build.0 = Release|Any CPU
		{5E475A5C-F26A-46FE-A1A2-8CCD6102CC3F}.Debug|Any CPU.ActiveCfg = Debug|Any CPU
		{5E475A5C-F26A-46FE-A1A2-8CCD6102CC3F}.Debug|Any CPU.Build.0 = Debug|Any CPU
		{5E475A5C-F26A-46FE-A1A2-8CCD6102CC3F}.Release|Any CPU.ActiveCfg = Release|Any CPU
		{5E475A5C-F26A-46FE-A1A2-8CCD6102CC3F}.Release|Any CPU.Build.0 = Release|Any CPU
		{7CBB081C-41D0-4F5D-94D1-269E69DC23EA}.Debug|Any CPU.ActiveCfg = Debug|Any CPU
		{7CBB081C-41D0-4F5D-94D1-269E69DC23EA}.Debug|Any CPU.Build.0 = Debug|Any CPU
		{7CBB081C-41D0-4F5D-94D1-269E69DC23EA}.Release|Any CPU.ActiveCfg = Release|Any CPU
		{7CBB081C-41D0-4F5D-94D1-269E69DC23EA}.Release|Any CPU.Build.0 = Release|Any CPU
		{D82F2134-E34A-49E3-83C1-A96E4BC784BB}.Debug|Any CPU.ActiveCfg = Debug|Any CPU
		{D82F2134-E34A-49E3-83C1-A96E4BC784BB}.Debug|Any CPU.Build.0 = Debug|Any CPU
		{D82F2134-E34A-49E3-83C1-A96E4BC784BB}.Release|Any CPU.ActiveCfg = Release|Any CPU
		{D82F2134-E34A-49E3-83C1-A96E4BC784BB}.Release|Any CPU.Build.0 = Release|Any CPU
		{6DE5FC88-2364-47F5-BA49-2D98AD29D8CE}.Debug|Any CPU.ActiveCfg = Debug|Any CPU
		{6DE5FC88-2364-47F5-BA49-2D98AD29D8CE}.Debug|Any CPU.Build.0 = Debug|Any CPU
		{6DE5FC88-2364-47F5-BA49-2D98AD29D8CE}.Release|Any CPU.ActiveCfg = Release|Any CPU
		{6DE5FC88-2364-47F5-BA49-2D98AD29D8CE}.Release|Any CPU.Build.0 = Release|Any CPU
		{4F2EAE33-B0E9-4E51-BF17-696CD1AA7A28}.Debug|Any CPU.ActiveCfg = Debug|Any CPU
		{4F2EAE33-B0E9-4E51-BF17-696CD1AA7A28}.Debug|Any CPU.Build.0 = Debug|Any CPU
		{4F2EAE33-B0E9-4E51-BF17-696CD1AA7A28}.Release|Any CPU.ActiveCfg = Release|Any CPU
		{4F2EAE33-B0E9-4E51-BF17-696CD1AA7A28}.Release|Any CPU.Build.0 = Release|Any CPU
		{D471C853-3865-48B6-BC14-2FA90B337E19}.Debug|Any CPU.ActiveCfg = Debug|Any CPU
		{D471C853-3865-48B6-BC14-2FA90B337E19}.Debug|Any CPU.Build.0 = Debug|Any CPU
		{D471C853-3865-48B6-BC14-2FA90B337E19}.Release|Any CPU.ActiveCfg = Release|Any CPU
		{D471C853-3865-48B6-BC14-2FA90B337E19}.Release|Any CPU.Build.0 = Release|Any CPU
		{8A3120D8-B613-4E9B-82A3-2DCEDB36A826}.Debug|Any CPU.ActiveCfg = Debug|Any CPU
		{8A3120D8-B613-4E9B-82A3-2DCEDB36A826}.Debug|Any CPU.Build.0 = Debug|Any CPU
		{8A3120D8-B613-4E9B-82A3-2DCEDB36A826}.Release|Any CPU.ActiveCfg = Release|Any CPU
		{8A3120D8-B613-4E9B-82A3-2DCEDB36A826}.Release|Any CPU.Build.0 = Release|Any CPU
		{C6167EFA-C05F-44A2-A74E-90325C02CF13}.Debug|Any CPU.ActiveCfg = Debug|Any CPU
		{C6167EFA-C05F-44A2-A74E-90325C02CF13}.Debug|Any CPU.Build.0 = Debug|Any CPU
		{C6167EFA-C05F-44A2-A74E-90325C02CF13}.Release|Any CPU.ActiveCfg = Release|Any CPU
		{C6167EFA-C05F-44A2-A74E-90325C02CF13}.Release|Any CPU.Build.0 = Release|Any CPU
		{25F735BC-71CE-4180-B2EE-FB03C535A674}.Debug|Any CPU.ActiveCfg = Debug|Any CPU
		{25F735BC-71CE-4180-B2EE-FB03C535A674}.Debug|Any CPU.Build.0 = Debug|Any CPU
		{25F735BC-71CE-4180-B2EE-FB03C535A674}.Release|Any CPU.ActiveCfg = Release|Any CPU
		{25F735BC-71CE-4180-B2EE-FB03C535A674}.Release|Any CPU.Build.0 = Release|Any CPU
		{E774BD10-5684-413C-95D0-CC8050509BAC}.Debug|Any CPU.ActiveCfg = Debug|Any CPU
		{E774BD10-5684-413C-95D0-CC8050509BAC}.Debug|Any CPU.Build.0 = Debug|Any CPU
		{E774BD10-5684-413C-95D0-CC8050509BAC}.Release|Any CPU.ActiveCfg = Release|Any CPU
		{E774BD10-5684-413C-95D0-CC8050509BAC}.Release|Any CPU.Build.0 = Release|Any CPU
		{3077788F-5969-45BE-84E6-673A27FF835D}.Debug|Any CPU.ActiveCfg = Debug|Any CPU
		{3077788F-5969-45BE-84E6-673A27FF835D}.Debug|Any CPU.Build.0 = Debug|Any CPU
		{3077788F-5969-45BE-84E6-673A27FF835D}.Release|Any CPU.ActiveCfg = Release|Any CPU
		{3077788F-5969-45BE-84E6-673A27FF835D}.Release|Any CPU.Build.0 = Release|Any CPU
		{FCC12C17-7DD5-47BA-AD3D-6F54F2360437}.Debug|Any CPU.ActiveCfg = Debug|Any CPU
		{FCC12C17-7DD5-47BA-AD3D-6F54F2360437}.Debug|Any CPU.Build.0 = Debug|Any CPU
		{FCC12C17-7DD5-47BA-AD3D-6F54F2360437}.Release|Any CPU.ActiveCfg = Release|Any CPU
		{FCC12C17-7DD5-47BA-AD3D-6F54F2360437}.Release|Any CPU.Build.0 = Release|Any CPU
		{B41EE629-F32D-4598-AD0E-CAA10FF6D863}.Debug|Any CPU.ActiveCfg = Debug|Any CPU
		{B41EE629-F32D-4598-AD0E-CAA10FF6D863}.Debug|Any CPU.Build.0 = Debug|Any CPU
		{B41EE629-F32D-4598-AD0E-CAA10FF6D863}.Release|Any CPU.ActiveCfg = Release|Any CPU
		{B41EE629-F32D-4598-AD0E-CAA10FF6D863}.Release|Any CPU.Build.0 = Release|Any CPU
		{58287584-E17B-464C-BEEA-436E5A7C6785}.Debug|Any CPU.ActiveCfg = Debug|Any CPU
		{58287584-E17B-464C-BEEA-436E5A7C6785}.Debug|Any CPU.Build.0 = Debug|Any CPU
		{58287584-E17B-464C-BEEA-436E5A7C6785}.Release|Any CPU.ActiveCfg = Release|Any CPU
		{58287584-E17B-464C-BEEA-436E5A7C6785}.Release|Any CPU.Build.0 = Release|Any CPU
		{115FD7CE-EF01-4AF0-9AFB-1C0097ECE68E}.Debug|Any CPU.ActiveCfg = Debug|Any CPU
		{115FD7CE-EF01-4AF0-9AFB-1C0097ECE68E}.Debug|Any CPU.Build.0 = Debug|Any CPU
		{115FD7CE-EF01-4AF0-9AFB-1C0097ECE68E}.Release|Any CPU.ActiveCfg = Release|Any CPU
		{115FD7CE-EF01-4AF0-9AFB-1C0097ECE68E}.Release|Any CPU.Build.0 = Release|Any CPU
	EndGlobalSection
	GlobalSection(SolutionProperties) = preSolution
		HideSolutionNode = FALSE
	EndGlobalSection
	GlobalSection(ExtensibilityGlobals) = postSolution
		SolutionGuid = {701444CB-5624-420D-A3F9-E1191CC8D49B}
	EndGlobalSection
EndGlobal
